// !$*UTF8*$!
{
	archiveVersion = 1;
	classes = {
	};
	objectVersion = 46;
	objects = {

/* Begin PBXBuildFile section */
		1515022D18D99C4100CBA59B /* PageContainerViewController.m in Sources */ = {isa = PBXBuildFile; fileRef = 1515022C18D99C4100CBA59B /* PageContainerViewController.m */; };
		1515023118D9AA4100CBA59B /* PageContainerViewController.xib in Resources */ = {isa = PBXBuildFile; fileRef = 1515023018D9AA4100CBA59B /* PageContainerViewController.xib */; };
		156B4CE018E04C5300A2B677 /* DetailsViewManager.m in Sources */ = {isa = PBXBuildFile; fileRef = 156B4CDF18E04C5300A2B677 /* DetailsViewManager.m */; };
		156B4CE518E062BD00A2B677 /* Status.m in Sources */ = {isa = PBXBuildFile; fileRef = 156B4CE418E062BD00A2B677 /* Status.m */; };
		156B4CE818E062BD00A2B677 /* Line.m in Sources */ = {isa = PBXBuildFile; fileRef = 156B4CE718E062BD00A2B677 /* Line.m */; };
		156B4CEB18E062BD00A2B677 /* StatusType.m in Sources */ = {isa = PBXBuildFile; fileRef = 156B4CEA18E062BD00A2B677 /* StatusType.m */; };
		156B4CEE18E062BE00A2B677 /* LineStatus.m in Sources */ = {isa = PBXBuildFile; fileRef = 156B4CED18E062BE00A2B677 /* LineStatus.m */; };
		156B4CF118E062F400A2B677 /* XmlParser.m in Sources */ = {isa = PBXBuildFile; fileRef = 156B4CF018E062F400A2B677 /* XmlParser.m */; };
		15A51CF618DC591400E837C7 /* Mainstoryboard_iPad.storyboard in Resources */ = {isa = PBXBuildFile; fileRef = 15A51CF518DC591400E837C7 /* Mainstoryboard_iPad.storyboard */; };
		15AE2F7418D734E6009378E2 /* Foundation.framework in Frameworks */ = {isa = PBXBuildFile; fileRef = 15AE2F7318D734E6009378E2 /* Foundation.framework */; };
		15AE2F7618D734E6009378E2 /* CoreGraphics.framework in Frameworks */ = {isa = PBXBuildFile; fileRef = 15AE2F7518D734E6009378E2 /* CoreGraphics.framework */; };
		15AE2F7818D734E6009378E2 /* UIKit.framework in Frameworks */ = {isa = PBXBuildFile; fileRef = 15AE2F7718D734E6009378E2 /* UIKit.framework */; };
		15AE2F7E18D734E7009378E2 /* InfoPlist.strings in Resources */ = {isa = PBXBuildFile; fileRef = 15AE2F7C18D734E7009378E2 /* InfoPlist.strings */; };
		15AE2F8018D734E7009378E2 /* main.m in Sources */ = {isa = PBXBuildFile; fileRef = 15AE2F7F18D734E7009378E2 /* main.m */; };
		15AE2F8418D734E7009378E2 /* AppDelegate.m in Sources */ = {isa = PBXBuildFile; fileRef = 15AE2F8318D734E7009378E2 /* AppDelegate.m */; };
		15AE2F8618D734E7009378E2 /* Images.xcassets in Resources */ = {isa = PBXBuildFile; fileRef = 15AE2F8518D734E7009378E2 /* Images.xcassets */; };
		15AE2F8D18D734E7009378E2 /* XCTest.framework in Frameworks */ = {isa = PBXBuildFile; fileRef = 15AE2F8C18D734E7009378E2 /* XCTest.framework */; };
		15AE2F8E18D734E7009378E2 /* Foundation.framework in Frameworks */ = {isa = PBXBuildFile; fileRef = 15AE2F7318D734E6009378E2 /* Foundation.framework */; };
		15AE2F8F18D734E7009378E2 /* UIKit.framework in Frameworks */ = {isa = PBXBuildFile; fileRef = 15AE2F7718D734E6009378E2 /* UIKit.framework */; };
		15AE2F9718D734E7009378E2 /* InfoPlist.strings in Resources */ = {isa = PBXBuildFile; fileRef = 15AE2F9518D734E7009378E2 /* InfoPlist.strings */; };
		15AE2F9918D734E7009378E2 /* How_Is_UndergroundTests.m in Sources */ = {isa = PBXBuildFile; fileRef = 15AE2F9818D734E7009378E2 /* How_Is_UndergroundTests.m */; };
		15AE2FA718D73564009378E2 /* UndergroundLinesTableViewController.m in Sources */ = {isa = PBXBuildFile; fileRef = 15AE2FA618D73564009378E2 /* UndergroundLinesTableViewController.m */; };
		15AE2FAE18D73E89009378E2 /* LineTableViewCell.m in Sources */ = {isa = PBXBuildFile; fileRef = 15AE2FAC18D73E89009378E2 /* LineTableViewCell.m */; };
		15AE2FAF18D73E89009378E2 /* LineTableViewCell.xib in Resources */ = {isa = PBXBuildFile; fileRef = 15AE2FAD18D73E89009378E2 /* LineTableViewCell.xib */; };
		15AE2FB118D74544009378E2 /* Mainstoryboard_iPhone.storyboard in Resources */ = {isa = PBXBuildFile; fileRef = 15AE2FB018D74544009378E2 /* Mainstoryboard_iPhone.storyboard */; };
		15D46DC318EAF0B70048BAE9 /* TimerManager.m in Sources */ = {isa = PBXBuildFile; fileRef = 15D46DC218EAF0B70048BAE9 /* TimerManager.m */; };
		15E36C5818D7A1AA00598083 /* BaseTableViewCell.m in Sources */ = {isa = PBXBuildFile; fileRef = 15E36C5718D7A1AA00598083 /* BaseTableViewCell.m */; };
		15E36C5B18D8372600598083 /* UIColor+UIColorExtension.m in Sources */ = {isa = PBXBuildFile; fileRef = 15E36C5A18D8372600598083 /* UIColor+UIColorExtension.m */; };
		15E36C5E18D8466C00598083 /* ServerCommunicator.m in Sources */ = {isa = PBXBuildFile; fileRef = 15E36C5D18D8466C00598083 /* ServerCommunicator.m */; };
		15E36C6118D847CE00598083 /* Utils.m in Sources */ = {isa = PBXBuildFile; fileRef = 15E36C6018D847CE00598083 /* Utils.m */; };
		15E36C6418D848E000598083 /* NSLogger.m in Sources */ = {isa = PBXBuildFile; fileRef = 15E36C6318D848E000598083 /* NSLogger.m */; };
		15E36C6518D84D1D00598083 /* Utils.m in Sources */ = {isa = PBXBuildFile; fileRef = 15E36C6018D847CE00598083 /* Utils.m */; };
		15E36C6718D84D5000598083 /* UtilsTest.m in Sources */ = {isa = PBXBuildFile; fileRef = 15E36C6618D84D5000598083 /* UtilsTest.m */; };
		15E36C6B18D8612800598083 /* Line.xcdatamodeld in Sources */ = {isa = PBXBuildFile; fileRef = 15E36C6918D8612800598083 /* Line.xcdatamodeld */; };
		15E36C7918D865CB00598083 /* CoreData.framework in Frameworks */ = {isa = PBXBuildFile; fileRef = 15E36C7818D865CB00598083 /* CoreData.framework */; };
		15E36C8E18D8A44F00598083 /* LineStatusViewController.m in Sources */ = {isa = PBXBuildFile; fileRef = 15E36C8C18D8A44F00598083 /* LineStatusViewController.m */; };
		15E36C8F18D8A44F00598083 /* LineStatusViewController.xib in Resources */ = {isa = PBXBuildFile; fileRef = 15E36C8D18D8A44F00598083 /* LineStatusViewController.xib */; };
/* End PBXBuildFile section */

/* Begin PBXContainerItemProxy section */
		15AE2F9018D734E7009378E2 /* PBXContainerItemProxy */ = {
			isa = PBXContainerItemProxy;
			containerPortal = 15AE2F6818D734E6009378E2 /* Project object */;
			proxyType = 1;
			remoteGlobalIDString = 15AE2F6F18D734E6009378E2;
			remoteInfo = "How Is Underground";
		};
/* End PBXContainerItemProxy section */

/* Begin PBXFileReference section */
		1515022B18D99C4100CBA59B /* PageContainerViewController.h */ = {isa = PBXFileReference; fileEncoding = 4; lastKnownFileType = sourcecode.c.h; path = PageContainerViewController.h; sourceTree = "<group>"; };
		1515022C18D99C4100CBA59B /* PageContainerViewController.m */ = {isa = PBXFileReference; fileEncoding = 4; lastKnownFileType = sourcecode.c.objc; path = PageContainerViewController.m; sourceTree = "<group>"; };
		1515023018D9AA4100CBA59B /* PageContainerViewController.xib */ = {isa = PBXFileReference; fileEncoding = 4; lastKnownFileType = file.xib; path = PageContainerViewController.xib; sourceTree = "<group>"; };
		156B4CDE18E04C5300A2B677 /* DetailsViewManager.h */ = {isa = PBXFileReference; fileEncoding = 4; lastKnownFileType = sourcecode.c.h; path = DetailsViewManager.h; sourceTree = "<group>"; };
		156B4CDF18E04C5300A2B677 /* DetailsViewManager.m */ = {isa = PBXFileReference; fileEncoding = 4; lastKnownFileType = sourcecode.c.objc; path = DetailsViewManager.m; sourceTree = "<group>"; };
		156B4CE318E062BD00A2B677 /* Status.h */ = {isa = PBXFileReference; fileEncoding = 4; lastKnownFileType = sourcecode.c.h; path = Status.h; sourceTree = "<group>"; };
		156B4CE418E062BD00A2B677 /* Status.m */ = {isa = PBXFileReference; fileEncoding = 4; lastKnownFileType = sourcecode.c.objc; path = Status.m; sourceTree = "<group>"; };
		156B4CE618E062BD00A2B677 /* Line.h */ = {isa = PBXFileReference; fileEncoding = 4; lastKnownFileType = sourcecode.c.h; path = Line.h; sourceTree = "<group>"; };
		156B4CE718E062BD00A2B677 /* Line.m */ = {isa = PBXFileReference; fileEncoding = 4; lastKnownFileType = sourcecode.c.objc; path = Line.m; sourceTree = "<group>"; };
		156B4CE918E062BD00A2B677 /* StatusType.h */ = {isa = PBXFileReference; fileEncoding = 4; lastKnownFileType = sourcecode.c.h; path = StatusType.h; sourceTree = "<group>"; };
		156B4CEA18E062BD00A2B677 /* StatusType.m */ = {isa = PBXFileReference; fileEncoding = 4; lastKnownFileType = sourcecode.c.objc; path = StatusType.m; sourceTree = "<group>"; };
		156B4CEC18E062BE00A2B677 /* LineStatus.h */ = {isa = PBXFileReference; fileEncoding = 4; lastKnownFileType = sourcecode.c.h; path = LineStatus.h; sourceTree = "<group>"; };
		156B4CED18E062BE00A2B677 /* LineStatus.m */ = {isa = PBXFileReference; fileEncoding = 4; lastKnownFileType = sourcecode.c.objc; path = LineStatus.m; sourceTree = "<group>"; };
		156B4CEF18E062F400A2B677 /* XmlParser.h */ = {isa = PBXFileReference; fileEncoding = 4; lastKnownFileType = sourcecode.c.h; path = XmlParser.h; sourceTree = "<group>"; };
		156B4CF018E062F400A2B677 /* XmlParser.m */ = {isa = PBXFileReference; fileEncoding = 4; lastKnownFileType = sourcecode.c.objc; path = XmlParser.m; sourceTree = "<group>"; };
		15A51CF518DC591400E837C7 /* Mainstoryboard_iPad.storyboard */ = {isa = PBXFileReference; fileEncoding = 4; lastKnownFileType = file.storyboard; path = Mainstoryboard_iPad.storyboard; sourceTree = "<group>"; };
		15AE2F7018D734E6009378E2 /* How Is Underground.app */ = {isa = PBXFileReference; explicitFileType = wrapper.application; includeInIndex = 0; path = "How Is Underground.app"; sourceTree = BUILT_PRODUCTS_DIR; };
		15AE2F7318D734E6009378E2 /* Foundation.framework */ = {isa = PBXFileReference; lastKnownFileType = wrapper.framework; name = Foundation.framework; path = System/Library/Frameworks/Foundation.framework; sourceTree = SDKROOT; };
		15AE2F7518D734E6009378E2 /* CoreGraphics.framework */ = {isa = PBXFileReference; lastKnownFileType = wrapper.framework; name = CoreGraphics.framework; path = System/Library/Frameworks/CoreGraphics.framework; sourceTree = SDKROOT; };
		15AE2F7718D734E6009378E2 /* UIKit.framework */ = {isa = PBXFileReference; lastKnownFileType = wrapper.framework; name = UIKit.framework; path = System/Library/Frameworks/UIKit.framework; sourceTree = SDKROOT; };
		15AE2F7B18D734E7009378E2 /* How Is Underground-Info.plist */ = {isa = PBXFileReference; lastKnownFileType = text.plist.xml; path = "How Is Underground-Info.plist"; sourceTree = "<group>"; };
		15AE2F7D18D734E7009378E2 /* en */ = {isa = PBXFileReference; lastKnownFileType = text.plist.strings; name = en; path = en.lproj/InfoPlist.strings; sourceTree = "<group>"; };
		15AE2F7F18D734E7009378E2 /* main.m */ = {isa = PBXFileReference; lastKnownFileType = sourcecode.c.objc; path = main.m; sourceTree = "<group>"; };
		15AE2F8118D734E7009378E2 /* How Is Underground-Prefix.pch */ = {isa = PBXFileReference; lastKnownFileType = sourcecode.c.h; path = "How Is Underground-Prefix.pch"; sourceTree = "<group>"; };
		15AE2F8218D734E7009378E2 /* AppDelegate.h */ = {isa = PBXFileReference; lastKnownFileType = sourcecode.c.h; path = AppDelegate.h; sourceTree = "<group>"; };
		15AE2F8318D734E7009378E2 /* AppDelegate.m */ = {isa = PBXFileReference; lastKnownFileType = sourcecode.c.objc; path = AppDelegate.m; sourceTree = "<group>"; };
		15AE2F8518D734E7009378E2 /* Images.xcassets */ = {isa = PBXFileReference; lastKnownFileType = folder.assetcatalog; path = Images.xcassets; sourceTree = "<group>"; };
		15AE2F8B18D734E7009378E2 /* How Is UndergroundTests.xctest */ = {isa = PBXFileReference; explicitFileType = wrapper.cfbundle; includeInIndex = 0; path = "How Is UndergroundTests.xctest"; sourceTree = BUILT_PRODUCTS_DIR; };
		15AE2F8C18D734E7009378E2 /* XCTest.framework */ = {isa = PBXFileReference; lastKnownFileType = wrapper.framework; name = XCTest.framework; path = Library/Frameworks/XCTest.framework; sourceTree = DEVELOPER_DIR; };
		15AE2F9418D734E7009378E2 /* How Is UndergroundTests-Info.plist */ = {isa = PBXFileReference; lastKnownFileType = text.plist.xml; path = "How Is UndergroundTests-Info.plist"; sourceTree = "<group>"; };
		15AE2F9618D734E7009378E2 /* en */ = {isa = PBXFileReference; lastKnownFileType = text.plist.strings; name = en; path = en.lproj/InfoPlist.strings; sourceTree = "<group>"; };
		15AE2F9818D734E7009378E2 /* How_Is_UndergroundTests.m */ = {isa = PBXFileReference; lastKnownFileType = sourcecode.c.objc; path = How_Is_UndergroundTests.m; sourceTree = "<group>"; };
		15AE2FA518D73564009378E2 /* UndergroundLinesTableViewController.h */ = {isa = PBXFileReference; fileEncoding = 4; lastKnownFileType = sourcecode.c.h; path = UndergroundLinesTableViewController.h; sourceTree = "<group>"; };
		15AE2FA618D73564009378E2 /* UndergroundLinesTableViewController.m */ = {isa = PBXFileReference; fileEncoding = 4; lastKnownFileType = sourcecode.c.objc; path = UndergroundLinesTableViewController.m; sourceTree = "<group>"; };
		15AE2FAA18D73CB4009378E2 /* Defines.h */ = {isa = PBXFileReference; lastKnownFileType = sourcecode.c.h; path = Defines.h; sourceTree = "<group>"; };
		15AE2FAB18D73E89009378E2 /* LineTableViewCell.h */ = {isa = PBXFileReference; fileEncoding = 4; lastKnownFileType = sourcecode.c.h; path = LineTableViewCell.h; sourceTree = "<group>"; };
		15AE2FAC18D73E89009378E2 /* LineTableViewCell.m */ = {isa = PBXFileReference; fileEncoding = 4; lastKnownFileType = sourcecode.c.objc; path = LineTableViewCell.m; sourceTree = "<group>"; };
		15AE2FAD18D73E89009378E2 /* LineTableViewCell.xib */ = {isa = PBXFileReference; fileEncoding = 4; lastKnownFileType = file.xib; path = LineTableViewCell.xib; sourceTree = "<group>"; };
		15AE2FB018D74544009378E2 /* Mainstoryboard_iPhone.storyboard */ = {isa = PBXFileReference; fileEncoding = 4; lastKnownFileType = file.storyboard; path = Mainstoryboard_iPhone.storyboard; sourceTree = "<group>"; };
		15D46DC118EAF0B70048BAE9 /* TimerManager.h */ = {isa = PBXFileReference; fileEncoding = 4; lastKnownFileType = sourcecode.c.h; path = TimerManager.h; sourceTree = "<group>"; };
		15D46DC218EAF0B70048BAE9 /* TimerManager.m */ = {isa = PBXFileReference; fileEncoding = 4; lastKnownFileType = sourcecode.c.objc; path = TimerManager.m; sourceTree = "<group>"; };
		15E36C5618D7A1AA00598083 /* BaseTableViewCell.h */ = {isa = PBXFileReference; fileEncoding = 4; lastKnownFileType = sourcecode.c.h; path = BaseTableViewCell.h; sourceTree = "<group>"; };
		15E36C5718D7A1AA00598083 /* BaseTableViewCell.m */ = {isa = PBXFileReference; fileEncoding = 4; lastKnownFileType = sourcecode.c.objc; path = BaseTableViewCell.m; sourceTree = "<group>"; };
		15E36C5918D8372600598083 /* UIColor+UIColorExtension.h */ = {isa = PBXFileReference; fileEncoding = 4; lastKnownFileType = sourcecode.c.h; path = "UIColor+UIColorExtension.h"; sourceTree = "<group>"; };
		15E36C5A18D8372600598083 /* UIColor+UIColorExtension.m */ = {isa = PBXFileReference; fileEncoding = 4; lastKnownFileType = sourcecode.c.objc; path = "UIColor+UIColorExtension.m"; sourceTree = "<group>"; };
		15E36C5C18D8466C00598083 /* ServerCommunicator.h */ = {isa = PBXFileReference; fileEncoding = 4; lastKnownFileType = sourcecode.c.h; path = ServerCommunicator.h; sourceTree = "<group>"; };
		15E36C5D18D8466C00598083 /* ServerCommunicator.m */ = {isa = PBXFileReference; fileEncoding = 4; lastKnownFileType = sourcecode.c.objc; path = ServerCommunicator.m; sourceTree = "<group>"; };
		15E36C5F18D847CE00598083 /* Utils.h */ = {isa = PBXFileReference; fileEncoding = 4; lastKnownFileType = sourcecode.c.h; path = Utils.h; sourceTree = "<group>"; };
		15E36C6018D847CE00598083 /* Utils.m */ = {isa = PBXFileReference; fileEncoding = 4; lastKnownFileType = sourcecode.c.objc; path = Utils.m; sourceTree = "<group>"; };
		15E36C6218D848E000598083 /* NSLogger.h */ = {isa = PBXFileReference; fileEncoding = 4; lastKnownFileType = sourcecode.c.h; path = NSLogger.h; sourceTree = "<group>"; };
		15E36C6318D848E000598083 /* NSLogger.m */ = {isa = PBXFileReference; fileEncoding = 4; lastKnownFileType = sourcecode.c.objc; path = NSLogger.m; sourceTree = "<group>"; };
		15E36C6618D84D5000598083 /* UtilsTest.m */ = {isa = PBXFileReference; fileEncoding = 4; lastKnownFileType = sourcecode.c.objc; path = UtilsTest.m; sourceTree = "<group>"; };
		15E36C6A18D8612800598083 /* Line.xcdatamodel */ = {isa = PBXFileReference; lastKnownFileType = wrapper.xcdatamodel; path = Line.xcdatamodel; sourceTree = "<group>"; };
		15E36C7818D865CB00598083 /* CoreData.framework */ = {isa = PBXFileReference; lastKnownFileType = wrapper.framework; name = CoreData.framework; path = System/Library/Frameworks/CoreData.framework; sourceTree = SDKROOT; };
		15E36C8B18D8A44F00598083 /* LineStatusViewController.h */ = {isa = PBXFileReference; fileEncoding = 4; lastKnownFileType = sourcecode.c.h; path = LineStatusViewController.h; sourceTree = "<group>"; };
		15E36C8C18D8A44F00598083 /* LineStatusViewController.m */ = {isa = PBXFileReference; fileEncoding = 4; lastKnownFileType = sourcecode.c.objc; path = LineStatusViewController.m; sourceTree = "<group>"; };
		15E36C8D18D8A44F00598083 /* LineStatusViewController.xib */ = {isa = PBXFileReference; fileEncoding = 4; lastKnownFileType = file.xib; path = LineStatusViewController.xib; sourceTree = "<group>"; };
/* End PBXFileReference section */

/* Begin PBXFrameworksBuildPhase section */
		15AE2F6D18D734E6009378E2 /* Frameworks */ = {
			isa = PBXFrameworksBuildPhase;
			buildActionMask = 2147483647;
			files = (
				15E36C7918D865CB00598083 /* CoreData.framework in Frameworks */,
				15AE2F7618D734E6009378E2 /* CoreGraphics.framework in Frameworks */,
				15AE2F7818D734E6009378E2 /* UIKit.framework in Frameworks */,
				15AE2F7418D734E6009378E2 /* Foundation.framework in Frameworks */,
			);
			runOnlyForDeploymentPostprocessing = 0;
		};
		15AE2F8818D734E7009378E2 /* Frameworks */ = {
			isa = PBXFrameworksBuildPhase;
			buildActionMask = 2147483647;
			files = (
				15AE2F8D18D734E7009378E2 /* XCTest.framework in Frameworks */,
				15AE2F8F18D734E7009378E2 /* UIKit.framework in Frameworks */,
				15AE2F8E18D734E7009378E2 /* Foundation.framework in Frameworks */,
			);
			runOnlyForDeploymentPostprocessing = 0;
		};
/* End PBXFrameworksBuildPhase section */

/* Begin PBXGroup section */
		156B4CDD18E04C4000A2B677 /* Helpers */ = {
			isa = PBXGroup;
			children = (
				156B4CDE18E04C5300A2B677 /* DetailsViewManager.h */,
				156B4CDF18E04C5300A2B677 /* DetailsViewManager.m */,
				15D46DC118EAF0B70048BAE9 /* TimerManager.h */,
				15D46DC218EAF0B70048BAE9 /* TimerManager.m */,
			);
			name = Helpers;
			sourceTree = "<group>";
		};
		156B4CE118E060CC00A2B677 /* Protocols */ = {
			isa = PBXGroup;
			children = (
			);
			name = Protocols;
			sourceTree = "<group>";
		};
		15AE2F6718D734E6009378E2 = {
			isa = PBXGroup;
			children = (
				15AE2F7918D734E6009378E2 /* How Is Underground */,
				15AE2F9218D734E7009378E2 /* How Is UndergroundTests */,
				15AE2F7218D734E6009378E2 /* Frameworks */,
				15AE2F7118D734E6009378E2 /* Products */,
			);
			sourceTree = "<group>";
		};
		15AE2F7118D734E6009378E2 /* Products */ = {
			isa = PBXGroup;
			children = (
				15AE2F7018D734E6009378E2 /* How Is Underground.app */,
				15AE2F8B18D734E7009378E2 /* How Is UndergroundTests.xctest */,
			);
			name = Products;
			sourceTree = "<group>";
		};
		15AE2F7218D734E6009378E2 /* Frameworks */ = {
			isa = PBXGroup;
			children = (
				15E36C7818D865CB00598083 /* CoreData.framework */,
				15AE2F7318D734E6009378E2 /* Foundation.framework */,
				15AE2F7518D734E6009378E2 /* CoreGraphics.framework */,
				15AE2F7718D734E6009378E2 /* UIKit.framework */,
				15AE2F8C18D734E7009378E2 /* XCTest.framework */,
			);
			name = Frameworks;
			sourceTree = "<group>";
		};
		15AE2F7918D734E6009378E2 /* How Is Underground */ = {
			isa = PBXGroup;
			children = (
				156B4CE118E060CC00A2B677 /* Protocols */,
				156B4CDD18E04C4000A2B677 /* Helpers */,
				15E36C6818D8610500598083 /* Models */,
				15AE2FA918D73C9C009378E2 /* Utils */,
				15AE2FA818D73C6C009378E2 /* Network */,
				15AE2FA218D734FC009378E2 /* ViewControllers */,
				15AE2F8218D734E7009378E2 /* AppDelegate.h */,
				15AE2F8318D734E7009378E2 /* AppDelegate.m */,
				15AE2F8518D734E7009378E2 /* Images.xcassets */,
				15AE2F7A18D734E7009378E2 /* Supporting Files */,
				15AE2FAB18D73E89009378E2 /* LineTableViewCell.h */,
				15AE2FAC18D73E89009378E2 /* LineTableViewCell.m */,
				15AE2FAD18D73E89009378E2 /* LineTableViewCell.xib */,
				15AE2FB018D74544009378E2 /* Mainstoryboard_iPhone.storyboard */,
				15E36C5618D7A1AA00598083 /* BaseTableViewCell.h */,
				15E36C5718D7A1AA00598083 /* BaseTableViewCell.m */,
				15A51CF518DC591400E837C7 /* Mainstoryboard_iPad.storyboard */,
			);
			path = "How Is Underground";
			sourceTree = "<group>";
		};
		15AE2F7A18D734E7009378E2 /* Supporting Files */ = {
			isa = PBXGroup;
			children = (
				15AE2F7B18D734E7009378E2 /* How Is Underground-Info.plist */,
				15AE2F7C18D734E7009378E2 /* InfoPlist.strings */,
				15AE2F7F18D734E7009378E2 /* main.m */,
				15AE2F8118D734E7009378E2 /* How Is Underground-Prefix.pch */,
			);
			name = "Supporting Files";
			sourceTree = "<group>";
		};
		15AE2F9218D734E7009378E2 /* How Is UndergroundTests */ = {
			isa = PBXGroup;
			children = (
				15AE2F9818D734E7009378E2 /* How_Is_UndergroundTests.m */,
				15AE2F9318D734E7009378E2 /* Supporting Files */,
				15E36C6618D84D5000598083 /* UtilsTest.m */,
			);
			path = "How Is UndergroundTests";
			sourceTree = "<group>";
		};
		15AE2F9318D734E7009378E2 /* Supporting Files */ = {
			isa = PBXGroup;
			children = (
				15AE2F9418D734E7009378E2 /* How Is UndergroundTests-Info.plist */,
				15AE2F9518D734E7009378E2 /* InfoPlist.strings */,
			);
			name = "Supporting Files";
			sourceTree = "<group>";
		};
		15AE2FA218D734FC009378E2 /* ViewControllers */ = {
			isa = PBXGroup;
			children = (
				1515022B18D99C4100CBA59B /* PageContainerViewController.h */,
				1515022C18D99C4100CBA59B /* PageContainerViewController.m */,
				15AE2FA518D73564009378E2 /* UndergroundLinesTableViewController.h */,
				15AE2FA618D73564009378E2 /* UndergroundLinesTableViewController.m */,
				15E36C8B18D8A44F00598083 /* LineStatusViewController.h */,
				15E36C8C18D8A44F00598083 /* LineStatusViewController.m */,
				15E36C8D18D8A44F00598083 /* LineStatusViewController.xib */,
				1515023018D9AA4100CBA59B /* PageContainerViewController.xib */,
			);
			name = ViewControllers;
			sourceTree = "<group>";
		};
		15AE2FA818D73C6C009378E2 /* Network */ = {
			isa = PBXGroup;
			children = (
				15E36C5C18D8466C00598083 /* ServerCommunicator.h */,
				15E36C5D18D8466C00598083 /* ServerCommunicator.m */,
				156B4CEF18E062F400A2B677 /* XmlParser.h */,
				156B4CF018E062F400A2B677 /* XmlParser.m */,
			);
			name = Network;
			sourceTree = "<group>";
		};
		15AE2FA918D73C9C009378E2 /* Utils */ = {
			isa = PBXGroup;
			children = (
				15E36C5F18D847CE00598083 /* Utils.h */,
				15E36C6018D847CE00598083 /* Utils.m */,
				15AE2FAA18D73CB4009378E2 /* Defines.h */,
				15E36C5918D8372600598083 /* UIColor+UIColorExtension.h */,
				15E36C5A18D8372600598083 /* UIColor+UIColorExtension.m */,
				15E36C6218D848E000598083 /* NSLogger.h */,
				15E36C6318D848E000598083 /* NSLogger.m */,
			);
			name = Utils;
			sourceTree = "<group>";
		};
		15E36C6818D8610500598083 /* Models */ = {
			isa = PBXGroup;
			children = (
				15E36C6918D8612800598083 /* Line.xcdatamodeld */,
				156B4CEC18E062BE00A2B677 /* LineStatus.h */,
				156B4CED18E062BE00A2B677 /* LineStatus.m */,
				156B4CE918E062BD00A2B677 /* StatusType.h */,
				156B4CEA18E062BD00A2B677 /* StatusType.m */,
				156B4CE618E062BD00A2B677 /* Line.h */,
				156B4CE718E062BD00A2B677 /* Line.m */,
				156B4CE318E062BD00A2B677 /* Status.h */,
				156B4CE418E062BD00A2B677 /* Status.m */,
			);
			name = Models;
			sourceTree = "<group>";
		};
/* End PBXGroup section */

/* Begin PBXNativeTarget section */
		15AE2F6F18D734E6009378E2 /* How Is Underground */ = {
			isa = PBXNativeTarget;
			buildConfigurationList = 15AE2F9C18D734E7009378E2 /* Build configuration list for PBXNativeTarget "How Is Underground" */;
			buildPhases = (
				15AE2F6C18D734E6009378E2 /* Sources */,
				15AE2F6D18D734E6009378E2 /* Frameworks */,
				15AE2F6E18D734E6009378E2 /* Resources */,
			);
			buildRules = (
			);
			dependencies = (
			);
			name = "How Is Underground";
			productName = "How Is Underground";
			productReference = 15AE2F7018D734E6009378E2 /* How Is Underground.app */;
			productType = "com.apple.product-type.application";
		};
		15AE2F8A18D734E7009378E2 /* How Is UndergroundTests */ = {
			isa = PBXNativeTarget;
			buildConfigurationList = 15AE2F9F18D734E7009378E2 /* Build configuration list for PBXNativeTarget "How Is UndergroundTests" */;
			buildPhases = (
				15AE2F8718D734E7009378E2 /* Sources */,
				15AE2F8818D734E7009378E2 /* Frameworks */,
				15AE2F8918D734E7009378E2 /* Resources */,
			);
			buildRules = (
			);
			dependencies = (
				15AE2F9118D734E7009378E2 /* PBXTargetDependency */,
			);
			name = "How Is UndergroundTests";
			productName = "How Is UndergroundTests";
			productReference = 15AE2F8B18D734E7009378E2 /* How Is UndergroundTests.xctest */;
			productType = "com.apple.product-type.bundle.unit-test";
		};
/* End PBXNativeTarget section */

/* Begin PBXProject section */
		15AE2F6818D734E6009378E2 /* Project object */ = {
			isa = PBXProject;
			attributes = {
				LastUpgradeCheck = 0510;
				ORGANIZATIONNAME = "Hooman Ostovari";
				TargetAttributes = {
					15AE2F6F18D734E6009378E2 = {
						DevelopmentTeam = 3UK8CT6CVR;
					};
					15AE2F8A18D734E7009378E2 = {
						TestTargetID = 15AE2F6F18D734E6009378E2;
					};
				};
			};
			buildConfigurationList = 15AE2F6B18D734E6009378E2 /* Build configuration list for PBXProject "How Is Underground" */;
			compatibilityVersion = "Xcode 3.2";
			developmentRegion = English;
			hasScannedForEncodings = 0;
			knownRegions = (
				en,
			);
			mainGroup = 15AE2F6718D734E6009378E2;
			productRefGroup = 15AE2F7118D734E6009378E2 /* Products */;
			projectDirPath = "";
			projectRoot = "";
			targets = (
				15AE2F6F18D734E6009378E2 /* How Is Underground */,
				15AE2F8A18D734E7009378E2 /* How Is UndergroundTests */,
			);
		};
/* End PBXProject section */

/* Begin PBXResourcesBuildPhase section */
		15AE2F6E18D734E6009378E2 /* Resources */ = {
			isa = PBXResourcesBuildPhase;
			buildActionMask = 2147483647;
			files = (
				15AE2FAF18D73E89009378E2 /* LineTableViewCell.xib in Resources */,
				15AE2F7E18D734E7009378E2 /* InfoPlist.strings in Resources */,
				15AE2FB118D74544009378E2 /* Mainstoryboard_iPhone.storyboard in Resources */,
				1515023118D9AA4100CBA59B /* PageContainerViewController.xib in Resources */,
				15E36C8F18D8A44F00598083 /* LineStatusViewController.xib in Resources */,
				15AE2F8618D734E7009378E2 /* Images.xcassets in Resources */,
				15A51CF618DC591400E837C7 /* Mainstoryboard_iPad.storyboard in Resources */,
			);
			runOnlyForDeploymentPostprocessing = 0;
		};
		15AE2F8918D734E7009378E2 /* Resources */ = {
			isa = PBXResourcesBuildPhase;
			buildActionMask = 2147483647;
			files = (
				15AE2F9718D734E7009378E2 /* InfoPlist.strings in Resources */,
			);
			runOnlyForDeploymentPostprocessing = 0;
		};
/* End PBXResourcesBuildPhase section */

/* Begin PBXSourcesBuildPhase section */
		15AE2F6C18D734E6009378E2 /* Sources */ = {
			isa = PBXSourcesBuildPhase;
			buildActionMask = 2147483647;
			files = (
				15E36C8E18D8A44F00598083 /* LineStatusViewController.m in Sources */,
				15E36C5818D7A1AA00598083 /* BaseTableViewCell.m in Sources */,
				15AE2F8418D734E7009378E2 /* AppDelegate.m in Sources */,
				156B4CEB18E062BD00A2B677 /* StatusType.m in Sources */,
				15E36C5E18D8466C00598083 /* ServerCommunicator.m in Sources */,
				156B4CE518E062BD00A2B677 /* Status.m in Sources */,
				15E36C6118D847CE00598083 /* Utils.m in Sources */,
				15AE2FAE18D73E89009378E2 /* LineTableViewCell.m in Sources */,
				1515022D18D99C4100CBA59B /* PageContainerViewController.m in Sources */,
				15E36C5B18D8372600598083 /* UIColor+UIColorExtension.m in Sources */,
				15AE2FA718D73564009378E2 /* UndergroundLinesTableViewController.m in Sources */,
				156B4CEE18E062BE00A2B677 /* LineStatus.m in Sources */,
				156B4CF118E062F400A2B677 /* XmlParser.m in Sources */,
				15E36C6B18D8612800598083 /* Line.xcdatamodeld in Sources */,
				15AE2F8018D734E7009378E2 /* main.m in Sources */,
				15D46DC318EAF0B70048BAE9 /* TimerManager.m in Sources */,
				156B4CE818E062BD00A2B677 /* Line.m in Sources */,
				15E36C6418D848E000598083 /* NSLogger.m in Sources */,
				156B4CE018E04C5300A2B677 /* DetailsViewManager.m in Sources */,
			);
			runOnlyForDeploymentPostprocessing = 0;
		};
		15AE2F8718D734E7009378E2 /* Sources */ = {
			isa = PBXSourcesBuildPhase;
			buildActionMask = 2147483647;
			files = (
				15E36C6518D84D1D00598083 /* Utils.m in Sources */,
				15AE2F9918D734E7009378E2 /* How_Is_UndergroundTests.m in Sources */,
				15E36C6718D84D5000598083 /* UtilsTest.m in Sources */,
			);
			runOnlyForDeploymentPostprocessing = 0;
		};
/* End PBXSourcesBuildPhase section */

/* Begin PBXTargetDependency section */
		15AE2F9118D734E7009378E2 /* PBXTargetDependency */ = {
			isa = PBXTargetDependency;
			target = 15AE2F6F18D734E6009378E2 /* How Is Underground */;
			targetProxy = 15AE2F9018D734E7009378E2 /* PBXContainerItemProxy */;
		};
/* End PBXTargetDependency section */

/* Begin PBXVariantGroup section */
		15AE2F7C18D734E7009378E2 /* InfoPlist.strings */ = {
			isa = PBXVariantGroup;
			children = (
				15AE2F7D18D734E7009378E2 /* en */,
			);
			name = InfoPlist.strings;
			sourceTree = "<group>";
		};
		15AE2F9518D734E7009378E2 /* InfoPlist.strings */ = {
			isa = PBXVariantGroup;
			children = (
				15AE2F9618D734E7009378E2 /* en */,
			);
			name = InfoPlist.strings;
			sourceTree = "<group>";
		};
/* End PBXVariantGroup section */

/* Begin XCBuildConfiguration section */
		15AE2F9A18D734E7009378E2 /* Debug */ = {
			isa = XCBuildConfiguration;
			buildSettings = {
				ALWAYS_SEARCH_USER_PATHS = NO;
				CLANG_CXX_LANGUAGE_STANDARD = "gnu++0x";
				CLANG_CXX_LIBRARY = "libc++";
				CLANG_ENABLE_MODULES = YES;
				CLANG_ENABLE_OBJC_ARC = YES;
				CLANG_WARN_BOOL_CONVERSION = YES;
				CLANG_WARN_CONSTANT_CONVERSION = YES;
				CLANG_WARN_DIRECT_OBJC_ISA_USAGE = YES_ERROR;
				CLANG_WARN_EMPTY_BODY = YES;
				CLANG_WARN_ENUM_CONVERSION = YES;
				CLANG_WARN_INT_CONVERSION = YES;
				CLANG_WARN_OBJC_ROOT_CLASS = YES_ERROR;
				CLANG_WARN__DUPLICATE_METHOD_MATCH = YES;
				"CODE_SIGN_IDENTITY[sdk=iphoneos*]" = "iPhone Developer";
				COPY_PHASE_STRIP = NO;
				GCC_C_LANGUAGE_STANDARD = gnu99;
				GCC_DYNAMIC_NO_PIC = NO;
				GCC_OPTIMIZATION_LEVEL = 0;
				GCC_PREPROCESSOR_DEFINITIONS = (
					"DEBUG=1",
					"$(inherited)",
				);
				GCC_SYMBOLS_PRIVATE_EXTERN = NO;
				GCC_WARN_64_TO_32_BIT_CONVERSION = YES;
				GCC_WARN_ABOUT_RETURN_TYPE = YES_ERROR;
				GCC_WARN_UNDECLARED_SELECTOR = YES;
				GCC_WARN_UNINITIALIZED_AUTOS = YES_AGGRESSIVE;
				GCC_WARN_UNUSED_FUNCTION = YES;
				GCC_WARN_UNUSED_VARIABLE = YES;
				IPHONEOS_DEPLOYMENT_TARGET = 7.1;
				ONLY_ACTIVE_ARCH = YES;
				SDKROOT = iphoneos;
				TARGETED_DEVICE_FAMILY = "1,2";
			};
			name = Debug;
		};
		15AE2F9B18D734E7009378E2 /* Release */ = {
			isa = XCBuildConfiguration;
			buildSettings = {
				ALWAYS_SEARCH_USER_PATHS = NO;
				CLANG_CXX_LANGUAGE_STANDARD = "gnu++0x";
				CLANG_CXX_LIBRARY = "libc++";
				CLANG_ENABLE_MODULES = YES;
				CLANG_ENABLE_OBJC_ARC = YES;
				CLANG_WARN_BOOL_CONVERSION = YES;
				CLANG_WARN_CONSTANT_CONVERSION = YES;
				CLANG_WARN_DIRECT_OBJC_ISA_USAGE = YES_ERROR;
				CLANG_WARN_EMPTY_BODY = YES;
				CLANG_WARN_ENUM_CONVERSION = YES;
				CLANG_WARN_INT_CONVERSION = YES;
				CLANG_WARN_OBJC_ROOT_CLASS = YES_ERROR;
				CLANG_WARN__DUPLICATE_METHOD_MATCH = YES;
				"CODE_SIGN_IDENTITY[sdk=iphoneos*]" = "iPhone Developer";
				COPY_PHASE_STRIP = YES;
				ENABLE_NS_ASSERTIONS = NO;
				GCC_C_LANGUAGE_STANDARD = gnu99;
				GCC_WARN_64_TO_32_BIT_CONVERSION = YES;
				GCC_WARN_ABOUT_RETURN_TYPE = YES_ERROR;
				GCC_WARN_UNDECLARED_SELECTOR = YES;
				GCC_WARN_UNINITIALIZED_AUTOS = YES_AGGRESSIVE;
				GCC_WARN_UNUSED_FUNCTION = YES;
				GCC_WARN_UNUSED_VARIABLE = YES;
				IPHONEOS_DEPLOYMENT_TARGET = 7.1;
				SDKROOT = iphoneos;
				TARGETED_DEVICE_FAMILY = "1,2";
				VALIDATE_PRODUCT = YES;
			};
			name = Release;
		};
		15AE2F9D18D734E7009378E2 /* Debug */ = {
			isa = XCBuildConfiguration;
			buildSettings = {
				ASSETCATALOG_COMPILER_APPICON_NAME = AppIcon;
				ASSETCATALOG_COMPILER_LAUNCHIMAGE_NAME = LaunchImage;
				CODE_SIGN_IDENTITY = "iPhone Developer";
				"CODE_SIGN_IDENTITY[sdk=iphoneos*]" = "iPhone Developer";
				GCC_PRECOMPILE_PREFIX_HEADER = YES;
				GCC_PREFIX_HEADER = "How Is Underground/How Is Underground-Prefix.pch";
				INFOPLIST_FILE = "How Is Underground/How Is Underground-Info.plist";
				PRODUCT_NAME = "$(TARGET_NAME)";
				PROVISIONING_PROFILE = "";
				WRAPPER_EXTENSION = app;
			};
			name = Debug;
		};
		15AE2F9E18D734E7009378E2 /* Release */ = {
			isa = XCBuildConfiguration;
			buildSettings = {
				ASSETCATALOG_COMPILER_APPICON_NAME = AppIcon;
				ASSETCATALOG_COMPILER_LAUNCHIMAGE_NAME = LaunchImage;
				CODE_SIGN_IDENTITY = "iPhone Developer";
				"CODE_SIGN_IDENTITY[sdk=iphoneos*]" = "iPhone Developer";
				GCC_PRECOMPILE_PREFIX_HEADER = YES;
				GCC_PREFIX_HEADER = "How Is Underground/How Is Underground-Prefix.pch";
				INFOPLIST_FILE = "How Is Underground/How Is Underground-Info.plist";
				PRODUCT_NAME = "$(TARGET_NAME)";
				PROVISIONING_PROFILE = "";
				WRAPPER_EXTENSION = app;
			};
			name = Release;
		};
		15AE2FA018D734E7009378E2 /* Debug */ = {
			isa = XCBuildConfiguration;
			buildSettings = {
				BUNDLE_LOADER = "$(BUILT_PRODUCTS_DIR)/How Is Underground.app/How Is Underground";
				FRAMEWORK_SEARCH_PATHS = (
					"$(SDKROOT)/Developer/Library/Frameworks",
					"$(inherited)",
					"$(DEVELOPER_FRAMEWORKS_DIR)",
				);
				GCC_PRECOMPILE_PREFIX_HEADER = YES;
				GCC_PREFIX_HEADER = "How Is Underground/How Is Underground-Prefix.pch";
				GCC_PREPROCESSOR_DEFINITIONS = (
					"DEBUG=1",
					"$(inherited)",
				);
				INFOPLIST_FILE = "How Is UndergroundTests/How Is UndergroundTests-Info.plist";
				PRODUCT_NAME = "$(TARGET_NAME)";
				TEST_HOST = "$(BUNDLE_LOADER)";
				WRAPPER_EXTENSION = xctest;
			};
			name = Debug;
		};
		15AE2FA118D734E7009378E2 /* Release */ = {
			isa = XCBuildConfiguration;
			buildSettings = {
				BUNDLE_LOADER = "$(BUILT_PRODUCTS_DIR)/How Is Underground.app/How Is Underground";
				FRAMEWORK_SEARCH_PATHS = (
					"$(SDKROOT)/Developer/Library/Frameworks",
					"$(inherited)",
					"$(DEVELOPER_FRAMEWORKS_DIR)",
				);
				GCC_PRECOMPILE_PREFIX_HEADER = YES;
				GCC_PREFIX_HEADER = "How Is Underground/How Is Underground-Prefix.pch";
				INFOPLIST_FILE = "How Is UndergroundTests/How Is UndergroundTests-Info.plist";
				PRODUCT_NAME = "$(TARGET_NAME)";
				TEST_HOST = "$(BUNDLE_LOADER)";
				WRAPPER_EXTENSION = xctest;
			};
			name = Release;
		};
/* End XCBuildConfiguration section */

/* Begin XCConfigurationList section */
		15AE2F6B18D734E6009378E2 /* Build configuration list for PBXProject "How Is Underground" */ = {
			isa = XCConfigurationList;
			buildConfigurations = (
				15AE2F9A18D734E7009378E2 /* Debug */,
				15AE2F9B18D734E7009378E2 /* Release */,
			);
			defaultConfigurationIsVisible = 0;
			defaultConfigurationName = Release;
		};
		15AE2F9C18D734E7009378E2 /* Build configuration list for PBXNativeTarget "How Is Underground" */ = {
			isa = XCConfigurationList;
			buildConfigurations = (
				15AE2F9D18D734E7009378E2 /* Debug */,
				15AE2F9E18D734E7009378E2 /* Release */,
			);
			defaultConfigurationIsVisible = 0;
			defaultConfigurationName = Release;
		};
		15AE2F9F18D734E7009378E2 /* Build configuration list for PBXNativeTarget "How Is UndergroundTests" */ = {
			isa = XCConfigurationList;
			buildConfigurations = (
				15AE2FA018D734E7009378E2 /* Debug */,
				15AE2FA118D734E7009378E2 /* Release */,
			);
			defaultConfigurationIsVisible = 0;
			defaultConfigurationName = Release;
		};
/* End XCConfigurationList section */

/* Begin XCVersionGroup section */
		15E36C6918D8612800598083 /* Line.xcdatamodeld */ = {
			isa = XCVersionGroup;
			children = (
				15E36C6A18D8612800598083 /* Line.xcdatamodel */,
			);
			currentVersion = 15E36C6A18D8612800598083 /* Line.xcdatamodel */;
			path = Line.xcdatamodeld;
			sourceTree = "<group>";
			versionGroupType = wrapper.xcdatamodel;
		};
/* End XCVersionGroup section */
	};
	rootObject = 15AE2F6818D734E6009378E2 /* Project object */;
}
