// !$*UTF8*$!
{
	archiveVersion = 1;
	classes = {
	};
	objectVersion = 46;
	objects = {

/* Begin PBXBuildFile section */
		15AE2F7418D734E6009378E2 /* Foundation.framework in Frameworks */ = {isa = PBXBuildFile; fileRef = 15AE2F7318D734E6009378E2 /* Foundation.framework */; };
		15AE2F7618D734E6009378E2 /* CoreGraphics.framework in Frameworks */ = {isa = PBXBuildFile; fileRef = 15AE2F7518D734E6009378E2 /* CoreGraphics.framework */; };
		15AE2F7818D734E6009378E2 /* UIKit.framework in Frameworks */ = {isa = PBXBuildFile; fileRef = 15AE2F7718D734E6009378E2 /* UIKit.framework */; };
		15AE2F7E18D734E7009378E2 /* InfoPlist.strings in Resources */ = {isa = PBXBuildFile; fileRef = 15AE2F7C18D734E7009378E2 /* InfoPlist.strings */; };
		15AE2F8018D734E7009378E2 /* main.m in Sources */ = {isa = PBXBuildFile; fileRef = 15AE2F7F18D734E7009378E2 /* main.m */; };
		15AE2F8418D734E7009378E2 /* AppDelegate.m in Sources */ = {isa = PBXBuildFile; fileRef = 15AE2F8318D734E7009378E2 /* AppDelegate.m */; };
		15AE2F8618D734E7009378E2 /* Images.xcassets in Resources */ = {isa = PBXBuildFile; fileRef = 15AE2F8518D734E7009378E2 /* Images.xcassets */; };
		15AE2F8D18D734E7009378E2 /* XCTest.framework in Frameworks */ = {isa = PBXBuildFile; fileRef = 15AE2F8C18D734E7009378E2 /* XCTest.framework */; };
		15AE2F8E18D734E7009378E2 /* Foundation.framework in Frameworks */ = {isa = PBXBuildFile; fileRef = 15AE2F7318D734E6009378E2 /* Foundation.framework */; };
		15AE2F8F18D734E7009378E2 /* UIKit.framework in Frameworks */ = {isa = PBXBuildFile; fileRef = 15AE2F7718D734E6009378E2 /* UIKit.framework */; };
		15AE2F9718D734E7009378E2 /* InfoPlist.strings in Resources */ = {isa = PBXBuildFile; fileRef = 15AE2F9518D734E7009378E2 /* InfoPlist.strings */; };
		15AE2F9918D734E7009378E2 /* How_Is_UndergroundTests.m in Sources */ = {isa = PBXBuildFile; fileRef = 15AE2F9818D734E7009378E2 /* How_Is_UndergroundTests.m */; };
/* End PBXBuildFile section */

/* Begin PBXContainerItemProxy section */
		15AE2F9018D734E7009378E2 /* PBXContainerItemProxy */ = {
			isa = PBXContainerItemProxy;
			containerPortal = 15AE2F6818D734E6009378E2 /* Project object */;
			proxyType = 1;
			remoteGlobalIDString = 15AE2F6F18D734E6009378E2;
			remoteInfo = "How Is Underground";
		};
/* End PBXContainerItemProxy section */

/* Begin PBXFileReference section */
		15AE2F7018D734E6009378E2 /* How Is Underground.app */ = {isa = PBXFileReference; explicitFileType = wrapper.application; includeInIndex = 0; path = "How Is Underground.app"; sourceTree = BUILT_PRODUCTS_DIR; };
		15AE2F7318D734E6009378E2 /* Foundation.framework */ = {isa = PBXFileReference; lastKnownFileType = wrapper.framework; name = Foundation.framework; path = System/Library/Frameworks/Foundation.framework; sourceTree = SDKROOT; };
		15AE2F7518D734E6009378E2 /* CoreGraphics.framework */ = {isa = PBXFileReference; lastKnownFileType = wrapper.framework; name = CoreGraphics.framework; path = System/Library/Frameworks/CoreGraphics.framework; sourceTree = SDKROOT; };
		15AE2F7718D734E6009378E2 /* UIKit.framework */ = {isa = PBXFileReference; lastKnownFileType = wrapper.framework; name = UIKit.framework; path = System/Library/Frameworks/UIKit.framework; sourceTree = SDKROOT; };
		15AE2F7B18D734E7009378E2 /* How Is Underground-Info.plist */ = {isa = PBXFileReference; lastKnownFileType = text.plist.xml; path = "How Is Underground-Info.plist"; sourceTree = "<group>"; };
		15AE2F7D18D734E7009378E2 /* en */ = {isa = PBXFileReference; lastKnownFileType = text.plist.strings; name = en; path = en.lproj/InfoPlist.strings; sourceTree = "<group>"; };
		15AE2F7F18D734E7009378E2 /* main.m */ = {isa = PBXFileReference; lastKnownFileType = sourcecode.c.objc; path = main.m; sourceTree = "<group>"; };
		15AE2F8118D734E7009378E2 /* How Is Underground-Prefix.pch */ = {isa = PBXFileReference; lastKnownFileType = sourcecode.c.h; path = "How Is Underground-Prefix.pch"; sourceTree = "<group>"; };
		15AE2F8218D734E7009378E2 /* AppDelegate.h */ = {isa = PBXFileReference; lastKnownFileType = sourcecode.c.h; path = AppDelegate.h; sourceTree = "<group>"; };
		15AE2F8318D734E7009378E2 /* AppDelegate.m */ = {isa = PBXFileReference; lastKnownFileType = sourcecode.c.objc; path = AppDelegate.m; sourceTree = "<group>"; };
		15AE2F8518D734E7009378E2 /* Images.xcassets */ = {isa = PBXFileReference; lastKnownFileType = folder.assetcatalog; path = Images.xcassets; sourceTree = "<group>"; };
		15AE2F8B18D734E7009378E2 /* How Is UndergroundTests.xctest */ = {isa = PBXFileReference; explicitFileType = wrapper.cfbundle; includeInIndex = 0; path = "How Is UndergroundTests.xctest"; sourceTree = BUILT_PRODUCTS_DIR; };
		15AE2F8C18D734E7009378E2 /* XCTest.framework */ = {isa = PBXFileReference; lastKnownFileType = wrapper.framework; name = XCTest.framework; path = Library/Frameworks/XCTest.framework; sourceTree = DEVELOPER_DIR; };
		15AE2F9418D734E7009378E2 /* How Is UndergroundTests-Info.plist */ = {isa = PBXFileReference; lastKnownFileType = text.plist.xml; path = "How Is UndergroundTests-Info.plist"; sourceTree = "<group>"; };
		15AE2F9618D734E7009378E2 /* en */ = {isa = PBXFileReference; lastKnownFileType = text.plist.strings; name = en; path = en.lproj/InfoPlist.strings; sourceTree = "<group>"; };
		15AE2F9818D734E7009378E2 /* How_Is_UndergroundTests.m */ = {isa = PBXFileReference; lastKnownFileType = sourcecode.c.objc; path = How_Is_UndergroundTests.m; sourceTree = "<group>"; };
/* End PBXFileReference section */

/* Begin PBXFrameworksBuildPhase section */
		15AE2F6D18D734E6009378E2 /* Frameworks */ = {
			isa = PBXFrameworksBuildPhase;
			buildActionMask = 2147483647;
			files = (
				15AE2F7618D734E6009378E2 /* CoreGraphics.framework in Frameworks */,
				15AE2F7818D734E6009378E2 /* UIKit.framework in Frameworks */,
				15AE2F7418D734E6009378E2 /* Foundation.framework in Frameworks */,
			);
			runOnlyForDeploymentPostprocessing = 0;
		};
		15AE2F8818D734E7009378E2 /* Frameworks */ = {
			isa = PBXFrameworksBuildPhase;
			buildActionMask = 2147483647;
			files = (
				15AE2F8D18D734E7009378E2 /* XCTest.framework in Frameworks */,
				15AE2F8F18D734E7009378E2 /* UIKit.framework in Frameworks */,
				15AE2F8E18D734E7009378E2 /* Foundation.framework in Frameworks */,
			);
			runOnlyForDeploymentPostprocessing = 0;
		};
/* End PBXFrameworksBuildPhase section */

/* Begin PBXGroup section */
		15AE2F6718D734E6009378E2 = {
			isa = PBXGroup;
			children = (
				15AE2F7918D734E6009378E2 /* How Is Underground */,
				15AE2F9218D734E7009378E2 /* How Is UndergroundTests */,
				15AE2F7218D734E6009378E2 /* Frameworks */,
				15AE2F7118D734E6009378E2 /* Products */,
			);
			sourceTree = "<group>";
		};
		15AE2F7118D734E6009378E2 /* Products */ = {
			isa = PBXGroup;
			children = (
				15AE2F7018D734E6009378E2 /* How Is Underground.app */,
				15AE2F8B18D734E7009378E2 /* How Is UndergroundTests.xctest */,
			);
			name = Products;
			sourceTree = "<group>";
		};
		15AE2F7218D734E6009378E2 /* Frameworks */ = {
			isa = PBXGroup;
			children = (
				15AE2F7318D734E6009378E2 /* Foundation.framework */,
				15AE2F7518D734E6009378E2 /* CoreGraphics.framework */,
				15AE2F7718D734E6009378E2 /* UIKit.framework */,
				15AE2F8C18D734E7009378E2 /* XCTest.framework */,
			);
			name = Frameworks;
			sourceTree = "<group>";
		};
		15AE2F7918D734E6009378E2 /* How Is Underground */ = {
			isa = PBXGroup;
			children = (
				15AE2F8218D734E7009378E2 /* AppDelegate.h */,
				15AE2F8318D734E7009378E2 /* AppDelegate.m */,
				15AE2F8518D734E7009378E2 /* Images.xcassets */,
				15AE2F7A18D734E7009378E2 /* Supporting Files */,
			);
			path = "How Is Underground";
			sourceTree = "<group>";
		};
		15AE2F7A18D734E7009378E2 /* Supporting Files */ = {
			isa = PBXGroup;
			children = (
				15AE2F7B18D734E7009378E2 /* How Is Underground-Info.plist */,
				15AE2F7C18D734E7009378E2 /* InfoPlist.strings */,
				15AE2F7F18D734E7009378E2 /* main.m */,
				15AE2F8118D734E7009378E2 /* How Is Underground-Prefix.pch */,
			);
			name = "Supporting Files";
			sourceTree = "<group>";
		};
		15AE2F9218D734E7009378E2 /* How Is UndergroundTests */ = {
			isa = PBXGroup;
			children = (
				15AE2F9818D734E7009378E2 /* How_Is_UndergroundTests.m */,
				15AE2F9318D734E7009378E2 /* Supporting Files */,
			);
			path = "How Is UndergroundTests";
			sourceTree = "<group>";
		};
		15AE2F9318D734E7009378E2 /* Supporting Files */ = {
			isa = PBXGroup;
			children = (
				15AE2F9418D734E7009378E2 /* How Is UndergroundTests-Info.plist */,
				15AE2F9518D734E7009378E2 /* InfoPlist.strings */,
			);
			name = "Supporting Files";
			sourceTree = "<group>";
		};
/* End PBXGroup section */

/* Begin PBXNativeTarget section */
		15AE2F6F18D734E6009378E2 /* How Is Underground */ = {
			isa = PBXNativeTarget;
			buildConfigurationList = 15AE2F9C18D734E7009378E2 /* Build configuration list for PBXNativeTarget "How Is Underground" */;
			buildPhases = (
				15AE2F6C18D734E6009378E2 /* Sources */,
				15AE2F6D18D734E6009378E2 /* Frameworks */,
				15AE2F6E18D734E6009378E2 /* Resources */,
			);
			buildRules = (
			);
			dependencies = (
			);
			name = "How Is Underground";
			productName = "How Is Underground";
			productReference = 15AE2F7018D734E6009378E2 /* How Is Underground.app */;
			productType = "com.apple.product-type.application";
		};
		15AE2F8A18D734E7009378E2 /* How Is UndergroundTests */ = {
			isa = PBXNativeTarget;
			buildConfigurationList = 15AE2F9F18D734E7009378E2 /* Build configuration list for PBXNativeTarget "How Is UndergroundTests" */;
			buildPhases = (
				15AE2F8718D734E7009378E2 /* Sources */,
				15AE2F8818D734E7009378E2 /* Frameworks */,
				15AE2F8918D734E7009378E2 /* Resources */,
			);
			buildRules = (
			);
			dependencies = (
				15AE2F9118D734E7009378E2 /* PBXTargetDependency */,
			);
			name = "How Is UndergroundTests";
			productName = "How Is UndergroundTests";
			productReference = 15AE2F8B18D734E7009378E2 /* How Is UndergroundTests.xctest */;
			productType = "com.apple.product-type.bundle.unit-test";
		};
/* End PBXNativeTarget section */

/* Begin PBXProject section */
		15AE2F6818D734E6009378E2 /* Project object */ = {
			isa = PBXProject;
			attributes = {
				LastUpgradeCheck = 0510;
				ORGANIZATIONNAME = "Hooman Ostovari";
				TargetAttributes = {
					15AE2F8A18D734E7009378E2 = {
						TestTargetID = 15AE2F6F18D734E6009378E2;
					};
				};
			};
			buildConfigurationList = 15AE2F6B18D734E6009378E2 /* Build configuration list for PBXProject "How Is Underground" */;
			compatibilityVersion = "Xcode 3.2";
			developmentRegion = English;
			hasScannedForEncodings = 0;
			knownRegions = (
				en,
			);
			mainGroup = 15AE2F6718D734E6009378E2;
			productRefGroup = 15AE2F7118D734E6009378E2 /* Products */;
			projectDirPath = "";
			projectRoot = "";
			targets = (
				15AE2F6F18D734E6009378E2 /* How Is Underground */,
				15AE2F8A18D734E7009378E2 /* How Is UndergroundTests */,
			);
		};
/* End PBXProject section */

/* Begin PBXResourcesBuildPhase section */
		15AE2F6E18D734E6009378E2 /* Resources */ = {
			isa = PBXResourcesBuildPhase;
			buildActionMask = 2147483647;
			files = (
				15AE2F7E18D734E7009378E2 /* InfoPlist.strings in Resources */,
				15AE2F8618D734E7009378E2 /* Images.xcassets in Resources */,
			);
			runOnlyForDeploymentPostprocessing = 0;
		};
		15AE2F8918D734E7009378E2 /* Resources */ = {
			isa = PBXResourcesBuildPhase;
			buildActionMask = 2147483647;
			files = (
				15AE2F9718D734E7009378E2 /* InfoPlist.strings in Resources */,
			);
			runOnlyForDeploymentPostprocessing = 0;
		};
/* End PBXResourcesBuildPhase section */

/* Begin PBXSourcesBuildPhase section */
		15AE2F6C18D734E6009378E2 /* Sources */ = {
			isa = PBXSourcesBuildPhase;
			buildActionMask = 2147483647;
			files = (
				15AE2F8418D734E7009378E2 /* AppDelegate.m in Sources */,
				15AE2F8018D734E7009378E2 /* main.m in Sources */,
			);
			runOnlyForDeploymentPostprocessing = 0;
		};
		15AE2F8718D734E7009378E2 /* Sources */ = {
			isa = PBXSourcesBuildPhase;
			buildActionMask = 2147483647;
			files = (
				15AE2F9918D734E7009378E2 /* How_Is_UndergroundTests.m in Sources */,
			);
			runOnlyForDeploymentPostprocessing = 0;
		};
/* End PBXSourcesBuildPhase section */

/* Begin PBXTargetDependency section */
		15AE2F9118D734E7009378E2 /* PBXTargetDependency */ = {
			isa = PBXTargetDependency;
			target = 15AE2F6F18D734E6009378E2 /* How Is Underground */;
			targetProxy = 15AE2F9018D734E7009378E2 /* PBXContainerItemProxy */;
		};
/* End PBXTargetDependency section */

/* Begin PBXVariantGroup section */
		15AE2F7C18D734E7009378E2 /* InfoPlist.strings */ = {
			isa = PBXVariantGroup;
			children = (
				15AE2F7D18D734E7009378E2 /* en */,
			);
			name = InfoPlist.strings;
			sourceTree = "<group>";
		};
		15AE2F9518D734E7009378E2 /* InfoPlist.strings */ = {
			isa = PBXVariantGroup;
			children = (
				15AE2F9618D734E7009378E2 /* en */,
			);
			name = InfoPlist.strings;
			sourceTree = "<group>";
		};
/* End PBXVariantGroup section */

/* Begin XCBuildConfiguration section */
		15AE2F9A18D734E7009378E2 /* Debug */ = {
			isa = XCBuildConfiguration;
			buildSettings = {
				ALWAYS_SEARCH_USER_PATHS = NO;
				CLANG_CXX_LANGUAGE_STANDARD = "gnu++0x";
				CLANG_CXX_LIBRARY = "libc++";
				CLANG_ENABLE_MODULES = YES;
				CLANG_ENABLE_OBJC_ARC = YES;
				CLANG_WARN_BOOL_CONVERSION = YES;
				CLANG_WARN_CONSTANT_CONVERSION = YES;
				CLANG_WARN_DIRECT_OBJC_ISA_USAGE = YES_ERROR;
				CLANG_WARN_EMPTY_BODY = YES;
				CLANG_WARN_ENUM_CONVERSION = YES;
				CLANG_WARN_INT_CONVERSION = YES;
				CLANG_WARN_OBJC_ROOT_CLASS = YES_ERROR;
				CLANG_WARN__DUPLICATE_METHOD_MATCH = YES;
				"CODE_SIGN_IDENTITY[sdk=iphoneos*]" = "iPhone Developer";
				COPY_PHASE_STRIP = NO;
				GCC_C_LANGUAGE_STANDARD = gnu99;
				GCC_DYNAMIC_NO_PIC = NO;
				GCC_OPTIMIZATION_LEVEL = 0;
				GCC_PREPROCESSOR_DEFINITIONS = (
					"DEBUG=1",
					"$(inherited)",
				);
				GCC_SYMBOLS_PRIVATE_EXTERN = NO;
				GCC_WARN_64_TO_32_BIT_CONVERSION = YES;
				GCC_WARN_ABOUT_RETURN_TYPE = YES_ERROR;
				GCC_WARN_UNDECLARED_SELECTOR = YES;
				GCC_WARN_UNINITIALIZED_AUTOS = YES_AGGRESSIVE;
				GCC_WARN_UNUSED_FUNCTION = YES;
				GCC_WARN_UNUSED_VARIABLE = YES;
				IPHONEOS_DEPLOYMENT_TARGET = 7.1;
				ONLY_ACTIVE_ARCH = YES;
				SDKROOT = iphoneos;
				TARGETED_DEVICE_FAMILY = "1,2";
			};
			name = Debug;
		};
		15AE2F9B18D734E7009378E2 /* Release */ = {
			isa = XCBuildConfiguration;
			buildSettings = {
				ALWAYS_SEARCH_USER_PATHS = NO;
				CLANG_CXX_LANGUAGE_STANDARD = "gnu++0x";
				CLANG_CXX_LIBRARY = "libc++";
				CLANG_ENABLE_MODULES = YES;
				CLANG_ENABLE_OBJC_ARC = YES;
				CLANG_WARN_BOOL_CONVERSION = YES;
				CLANG_WARN_CONSTANT_CONVERSION = YES;
				CLANG_WARN_DIRECT_OBJC_ISA_USAGE = YES_ERROR;
				CLANG_WARN_EMPTY_BODY = YES;
				CLANG_WARN_ENUM_CONVERSION = YES;
				CLANG_WARN_INT_CONVERSION = YES;
				CLANG_WARN_OBJC_ROOT_CLASS = YES_ERROR;
				CLANG_WARN__DUPLICATE_METHOD_MATCH = YES;
				"CODE_SIGN_IDENTITY[sdk=iphoneos*]" = "iPhone Developer";
				COPY_PHASE_STRIP = YES;
				ENABLE_NS_ASSERTIONS = NO;
				GCC_C_LANGUAGE_STANDARD = gnu99;
				GCC_WARN_64_TO_32_BIT_CONVERSION = YES;
				GCC_WARN_ABOUT_RETURN_TYPE = YES_ERROR;
				GCC_WARN_UNDECLARED_SELECTOR = YES;
				GCC_WARN_UNINITIALIZED_AUTOS = YES_AGGRESSIVE;
				GCC_WARN_UNUSED_FUNCTION = YES;
				GCC_WARN_UNUSED_VARIABLE = YES;
				IPHONEOS_DEPLOYMENT_TARGET = 7.1;
				SDKROOT = iphoneos;
				TARGETED_DEVICE_FAMILY = "1,2";
				VALIDATE_PRODUCT = YES;
			};
			name = Release;
		};
		15AE2F9D18D734E7009378E2 /* Debug */ = {
			isa = XCBuildConfiguration;
			buildSettings = {
				ASSETCATALOG_COMPILER_APPICON_NAME = AppIcon;
				ASSETCATALOG_COMPILER_LAUNCHIMAGE_NAME = LaunchImage;
				GCC_PRECOMPILE_PREFIX_HEADER = YES;
				GCC_PREFIX_HEADER = "How Is Underground/How Is Underground-Prefix.pch";
				INFOPLIST_FILE = "How Is Underground/How Is Underground-Info.plist";
				PRODUCT_NAME = "$(TARGET_NAME)";
				WRAPPER_EXTENSION = app;
			};
			name = Debug;
		};
		15AE2F9E18D734E7009378E2 /* Release */ = {
			isa = XCBuildConfiguration;
			buildSettings = {
				ASSETCATALOG_COMPILER_APPICON_NAME = AppIcon;
				ASSETCATALOG_COMPILER_LAUNCHIMAGE_NAME = LaunchImage;
				GCC_PRECOMPILE_PREFIX_HEADER = YES;
				GCC_PREFIX_HEADER = "How Is Underground/How Is Underground-Prefix.pch";
				INFOPLIST_FILE = "How Is Underground/How Is Underground-Info.plist";
				PRODUCT_NAME = "$(TARGET_NAME)";
				WRAPPER_EXTENSION = app;
			};
			name = Release;
		};
		15AE2FA018D734E7009378E2 /* Debug */ = {
			isa = XCBuildConfiguration;
			buildSettings = {
				BUNDLE_LOADER = "$(BUILT_PRODUCTS_DIR)/How Is Underground.app/How Is Underground";
				FRAMEWORK_SEARCH_PATHS = (
					"$(SDKROOT)/Developer/Library/Frameworks",
					"$(inherited)",
					"$(DEVELOPER_FRAMEWORKS_DIR)",
				);
				GCC_PRECOMPILE_PREFIX_HEADER = YES;
				GCC_PREFIX_HEADER = "How Is Underground/How Is Underground-Prefix.pch";
				GCC_PREPROCESSOR_DEFINITIONS = (
					"DEBUG=1",
					"$(inherited)",
				);
				INFOPLIST_FILE = "How Is UndergroundTests/How Is UndergroundTests-Info.plist";
				PRODUCT_NAME = "$(TARGET_NAME)";
				TEST_HOST = "$(BUNDLE_LOADER)";
				WRAPPER_EXTENSION = xctest;
			};
			name = Debug;
		};
		15AE2FA118D734E7009378E2 /* Release */ = {
			isa = XCBuildConfiguration;
			buildSettings = {
				BUNDLE_LOADER = "$(BUILT_PRODUCTS_DIR)/How Is Underground.app/How Is Underground";
				FRAMEWORK_SEARCH_PATHS = (
					"$(SDKROOT)/Developer/Library/Frameworks",
					"$(inherited)",
					"$(DEVELOPER_FRAMEWORKS_DIR)",
				);
				GCC_PRECOMPILE_PREFIX_HEADER = YES;
				GCC_PREFIX_HEADER = "How Is Underground/How Is Underground-Prefix.pch";
				INFOPLIST_FILE = "How Is UndergroundTests/How Is UndergroundTests-Info.plist";
				PRODUCT_NAME = "$(TARGET_NAME)";
				TEST_HOST = "$(BUNDLE_LOADER)";
				WRAPPER_EXTENSION = xctest;
			};
			name = Release;
		};
/* End XCBuildConfiguration section */

/* Begin XCConfigurationList section */
		15AE2F6B18D734E6009378E2 /* Build configuration list for PBXProject "How Is Underground" */ = {
			isa = XCConfigurationList;
			buildConfigurations = (
				15AE2F9A18D734E7009378E2 /* Debug */,
				15AE2F9B18D734E7009378E2 /* Release */,
			);
			defaultConfigurationIsVisible = 0;
			defaultConfigurationName = Release;
		};
		15AE2F9C18D734E7009378E2 /* Build configuration list for PBXNativeTarget "How Is Underground" */ = {
			isa = XCConfigurationList;
			buildConfigurations = (
				15AE2F9D18D734E7009378E2 /* Debug */,
				15AE2F9E18D734E7009378E2 /* Release */,
			);
			defaultConfigurationIsVisible = 0;
		};
		15AE2F9F18D734E7009378E2 /* Build configuration list for PBXNativeTarget "How Is UndergroundTests" */ = {
			isa = XCConfigurationList;
			buildConfigurations = (
				15AE2FA018D734E7009378E2 /* Debug */,
				15AE2FA118D734E7009378E2 /* Release */,
			);
			defaultConfigurationIsVisible = 0;
		};
/* End XCConfigurationList section */
	};
	rootObject = 15AE2F6818D734E6009378E2 /* Project object */;
}
